// !$*UTF8*$!
{
	archiveVersion = 1;
	classes = {
	};
	objectVersion = 46;
	objects = {

/* Begin PBXBuildFile section */
		E7E34B361A7E83C5003813EE /* AppDelegate.swift in Sources */ = {isa = PBXBuildFile; fileRef = E7E34B351A7E83C5003813EE /* AppDelegate.swift */; };
		E7E34B381A7E83C5003813EE /* ViewController.swift in Sources */ = {isa = PBXBuildFile; fileRef = E7E34B371A7E83C5003813EE /* ViewController.swift */; };
		E7E34B3B1A7E83C5003813EE /* Main.storyboard in Resources */ = {isa = PBXBuildFile; fileRef = E7E34B391A7E83C5003813EE /* Main.storyboard */; };
		E7E34B3D1A7E83C5003813EE /* Images.xcassets in Resources */ = {isa = PBXBuildFile; fileRef = E7E34B3C1A7E83C5003813EE /* Images.xcassets */; };
		E7E34B401A7E83C5003813EE /* LaunchScreen.xib in Resources */ = {isa = PBXBuildFile; fileRef = E7E34B3E1A7E83C5003813EE /* LaunchScreen.xib */; };
		E7E34B4C1A7E83C6003813EE /* KeyboradTests.swift in Sources */ = {isa = PBXBuildFile; fileRef = E7E34B4B1A7E83C6003813EE /* KeyboradTests.swift */; };
		E7E34B5E1A7E84D8003813EE /* KeyboardViewController.swift in Sources */ = {isa = PBXBuildFile; fileRef = E7E34B5D1A7E84D8003813EE /* KeyboardViewController.swift */; };
		E7E34B611A7E84D8003813EE /* Excite.appex in Embed App Extensions */ = {isa = PBXBuildFile; fileRef = E7E34B591A7E84D8003813EE /* Excite.appex */; settings = {ATTRIBUTES = (RemoveHeadersOnCopy, ); }; };
		E7E34B671A7E856E003813EE /* KeyboradView.xib in Resources */ = {isa = PBXBuildFile; fileRef = E7E34B661A7E856E003813EE /* KeyboradView.xib */; };
/* End PBXBuildFile section */

/* Begin PBXContainerItemProxy section */
		E7E34B461A7E83C6003813EE /* PBXContainerItemProxy */ = {
			isa = PBXContainerItemProxy;
			containerPortal = E7E34B281A7E83C5003813EE /* Project object */;
			proxyType = 1;
			remoteGlobalIDString = E7E34B2F1A7E83C5003813EE;
			remoteInfo = Keyborad;
		};
		E7E34B5F1A7E84D8003813EE /* PBXContainerItemProxy */ = {
			isa = PBXContainerItemProxy;
			containerPortal = E7E34B281A7E83C5003813EE /* Project object */;
			proxyType = 1;
			remoteGlobalIDString = E7E34B581A7E84D8003813EE;
			remoteInfo = Excite;
		};
/* End PBXContainerItemProxy section */

/* Begin PBXCopyFilesBuildPhase section */
		E7E34B651A7E84D8003813EE /* Embed App Extensions */ = {
			isa = PBXCopyFilesBuildPhase;
			buildActionMask = 2147483647;
			dstPath = "";
			dstSubfolderSpec = 13;
			files = (
				E7E34B611A7E84D8003813EE /* Excite.appex in Embed App Extensions */,
			);
			name = "Embed App Extensions";
			runOnlyForDeploymentPostprocessing = 0;
		};
/* End PBXCopyFilesBuildPhase section */

/* Begin PBXFileReference section */
		E7E34B301A7E83C5003813EE /* Keyborad.app */ = {isa = PBXFileReference; explicitFileType = wrapper.application; includeInIndex = 0; path = Keyborad.app; sourceTree = BUILT_PRODUCTS_DIR; };
		E7E34B341A7E83C5003813EE /* Info.plist */ = {isa = PBXFileReference; lastKnownFileType = text.plist.xml; path = Info.plist; sourceTree = "<group>"; };
		E7E34B351A7E83C5003813EE /* AppDelegate.swift */ = {isa = PBXFileReference; lastKnownFileType = sourcecode.swift; path = AppDelegate.swift; sourceTree = "<group>"; };
		E7E34B371A7E83C5003813EE /* ViewController.swift */ = {isa = PBXFileReference; lastKnownFileType = sourcecode.swift; path = ViewController.swift; sourceTree = "<group>"; };
		E7E34B3A1A7E83C5003813EE /* Base */ = {isa = PBXFileReference; lastKnownFileType = file.storyboard; name = Base; path = Base.lproj/Main.storyboard; sourceTree = "<group>"; };
		E7E34B3C1A7E83C5003813EE /* Images.xcassets */ = {isa = PBXFileReference; lastKnownFileType = folder.assetcatalog; path = Images.xcassets; sourceTree = "<group>"; };
		E7E34B3F1A7E83C5003813EE /* Base */ = {isa = PBXFileReference; lastKnownFileType = file.xib; name = Base; path = Base.lproj/LaunchScreen.xib; sourceTree = "<group>"; };
		E7E34B451A7E83C6003813EE /* KeyboradTests.xctest */ = {isa = PBXFileReference; explicitFileType = wrapper.cfbundle; includeInIndex = 0; path = KeyboradTests.xctest; sourceTree = BUILT_PRODUCTS_DIR; };
		E7E34B4A1A7E83C6003813EE /* Info.plist */ = {isa = PBXFileReference; lastKnownFileType = text.plist.xml; path = Info.plist; sourceTree = "<group>"; };
		E7E34B4B1A7E83C6003813EE /* KeyboradTests.swift */ = {isa = PBXFileReference; lastKnownFileType = sourcecode.swift; path = KeyboradTests.swift; sourceTree = "<group>"; };
		E7E34B591A7E84D8003813EE /* Excite.appex */ = {isa = PBXFileReference; explicitFileType = "wrapper.app-extension"; includeInIndex = 0; path = Excite.appex; sourceTree = BUILT_PRODUCTS_DIR; };
		E7E34B5C1A7E84D8003813EE /* Info.plist */ = {isa = PBXFileReference; lastKnownFileType = text.plist.xml; path = Info.plist; sourceTree = "<group>"; };
		E7E34B5D1A7E84D8003813EE /* KeyboardViewController.swift */ = {isa = PBXFileReference; lastKnownFileType = sourcecode.swift; path = KeyboardViewController.swift; sourceTree = "<group>"; };
		E7E34B661A7E856E003813EE /* KeyboradView.xib */ = {isa = PBXFileReference; fileEncoding = 4; lastKnownFileType = file.xib; path = KeyboradView.xib; sourceTree = "<group>"; };
/* End PBXFileReference section */

/* Begin PBXFrameworksBuildPhase section */
		E7E34B2D1A7E83C5003813EE /* Frameworks */ = {
			isa = PBXFrameworksBuildPhase;
			buildActionMask = 2147483647;
			files = (
			);
			runOnlyForDeploymentPostprocessing = 0;
		};
		E7E34B421A7E83C6003813EE /* Frameworks */ = {
			isa = PBXFrameworksBuildPhase;
			buildActionMask = 2147483647;
			files = (
			);
			runOnlyForDeploymentPostprocessing = 0;
		};
		E7E34B561A7E84D8003813EE /* Frameworks */ = {
			isa = PBXFrameworksBuildPhase;
			buildActionMask = 2147483647;
			files = (
			);
			runOnlyForDeploymentPostprocessing = 0;
		};
/* End PBXFrameworksBuildPhase section */

/* Begin PBXGroup section */
		E7E34B271A7E83C5003813EE = {
			isa = PBXGroup;
			children = (
				E7E34B321A7E83C5003813EE /* Keyborad */,
				E7E34B481A7E83C6003813EE /* KeyboradTests */,
				E7E34B5A1A7E84D8003813EE /* Excite */,
				E7E34B311A7E83C5003813EE /* Products */,
			);
			sourceTree = "<group>";
		};
		E7E34B311A7E83C5003813EE /* Products */ = {
			isa = PBXGroup;
			children = (
				E7E34B301A7E83C5003813EE /* Keyborad.app */,
				E7E34B451A7E83C6003813EE /* KeyboradTests.xctest */,
				E7E34B591A7E84D8003813EE /* Excite.appex */,
			);
			name = Products;
			sourceTree = "<group>";
		};
		E7E34B321A7E83C5003813EE /* Keyborad */ = {
			isa = PBXGroup;
			children = (
				E7E34B351A7E83C5003813EE /* AppDelegate.swift */,
				E7E34B371A7E83C5003813EE /* ViewController.swift */,
				E7E34B391A7E83C5003813EE /* Main.storyboard */,
				E7E34B3C1A7E83C5003813EE /* Images.xcassets */,
				E7E34B3E1A7E83C5003813EE /* LaunchScreen.xib */,
				E7E34B331A7E83C5003813EE /* Supporting Files */,
			);
			path = Keyborad;
			sourceTree = "<group>";
		};
		E7E34B331A7E83C5003813EE /* Supporting Files */ = {
			isa = PBXGroup;
			children = (
				E7E34B341A7E83C5003813EE /* Info.plist */,
			);
			name = "Supporting Files";
			sourceTree = "<group>";
		};
		E7E34B481A7E83C6003813EE /* KeyboradTests */ = {
			isa = PBXGroup;
			children = (
				E7E34B4B1A7E83C6003813EE /* KeyboradTests.swift */,
				E7E34B491A7E83C6003813EE /* Supporting Files */,
			);
			path = KeyboradTests;
			sourceTree = "<group>";
		};
		E7E34B491A7E83C6003813EE /* Supporting Files */ = {
			isa = PBXGroup;
			children = (
				E7E34B4A1A7E83C6003813EE /* Info.plist */,
			);
			name = "Supporting Files";
			sourceTree = "<group>";
		};
		E7E34B5A1A7E84D8003813EE /* Excite */ = {
			isa = PBXGroup;
			children = (
				E7E34B5D1A7E84D8003813EE /* KeyboardViewController.swift */,
				E7E34B5B1A7E84D8003813EE /* Supporting Files */,
				E7E34B661A7E856E003813EE /* KeyboradView.xib */,
			);
			path = Excite;
			sourceTree = "<group>";
		};
		E7E34B5B1A7E84D8003813EE /* Supporting Files */ = {
			isa = PBXGroup;
			children = (
				E7E34B5C1A7E84D8003813EE /* Info.plist */,
			);
			name = "Supporting Files";
			sourceTree = "<group>";
		};
/* End PBXGroup section */

/* Begin PBXNativeTarget section */
		E7E34B2F1A7E83C5003813EE /* Keyborad */ = {
			isa = PBXNativeTarget;
			buildConfigurationList = E7E34B4F1A7E83C6003813EE /* Build configuration list for PBXNativeTarget "Keyborad" */;
			buildPhases = (
				E7E34B2C1A7E83C5003813EE /* Sources */,
				E7E34B2D1A7E83C5003813EE /* Frameworks */,
				E7E34B2E1A7E83C5003813EE /* Resources */,
				E7E34B651A7E84D8003813EE /* Embed App Extensions */,
			);
			buildRules = (
			);
			dependencies = (
				E7E34B601A7E84D8003813EE /* PBXTargetDependency */,
			);
			name = Keyborad;
			productName = Keyborad;
			productReference = E7E34B301A7E83C5003813EE /* Keyborad.app */;
			productType = "com.apple.product-type.application";
		};
		E7E34B441A7E83C6003813EE /* KeyboradTests */ = {
			isa = PBXNativeTarget;
			buildConfigurationList = E7E34B521A7E83C6003813EE /* Build configuration list for PBXNativeTarget "KeyboradTests" */;
			buildPhases = (
				E7E34B411A7E83C6003813EE /* Sources */,
				E7E34B421A7E83C6003813EE /* Frameworks */,
				E7E34B431A7E83C6003813EE /* Resources */,
			);
			buildRules = (
			);
			dependencies = (
				E7E34B471A7E83C6003813EE /* PBXTargetDependency */,
			);
			name = KeyboradTests;
			productName = KeyboradTests;
			productReference = E7E34B451A7E83C6003813EE /* KeyboradTests.xctest */;
			productType = "com.apple.product-type.bundle.unit-test";
		};
		E7E34B581A7E84D8003813EE /* Excite */ = {
			isa = PBXNativeTarget;
			buildConfigurationList = E7E34B621A7E84D8003813EE /* Build configuration list for PBXNativeTarget "Excite" */;
			buildPhases = (
				E7E34B551A7E84D8003813EE /* Sources */,
				E7E34B561A7E84D8003813EE /* Frameworks */,
				E7E34B571A7E84D8003813EE /* Resources */,
			);
			buildRules = (
			);
			dependencies = (
			);
			name = Excite;
			productName = Excite;
			productReference = E7E34B591A7E84D8003813EE /* Excite.appex */;
			productType = "com.apple.product-type.app-extension";
		};
/* End PBXNativeTarget section */

/* Begin PBXProject section */
		E7E34B281A7E83C5003813EE /* Project object */ = {
			isa = PBXProject;
			attributes = {
				LastUpgradeCheck = 0610;
				ORGANIZATIONNAME = "Yoshihiro Arakawa";
				TargetAttributes = {
					E7E34B2F1A7E83C5003813EE = {
						CreatedOnToolsVersion = 6.1.1;
					};
					E7E34B441A7E83C6003813EE = {
						CreatedOnToolsVersion = 6.1.1;
						TestTargetID = E7E34B2F1A7E83C5003813EE;
					};
					E7E34B581A7E84D8003813EE = {
						CreatedOnToolsVersion = 6.1.1;
					};
				};
			};
			buildConfigurationList = E7E34B2B1A7E83C5003813EE /* Build configuration list for PBXProject "Keyborad" */;
			compatibilityVersion = "Xcode 3.2";
			developmentRegion = English;
			hasScannedForEncodings = 0;
			knownRegions = (
				en,
				Base,
			);
			mainGroup = E7E34B271A7E83C5003813EE;
			productRefGroup = E7E34B311A7E83C5003813EE /* Products */;
			projectDirPath = "";
			projectRoot = "";
			targets = (
				E7E34B2F1A7E83C5003813EE /* Keyborad */,
				E7E34B441A7E83C6003813EE /* KeyboradTests */,
				E7E34B581A7E84D8003813EE /* Excite */,
			);
		};
/* End PBXProject section */

/* Begin PBXResourcesBuildPhase section */
		E7E34B2E1A7E83C5003813EE /* Resources */ = {
			isa = PBXResourcesBuildPhase;
			buildActionMask = 2147483647;
			files = (
				E7E34B3B1A7E83C5003813EE /* Main.storyboard in Resources */,
				E7E34B401A7E83C5003813EE /* LaunchScreen.xib in Resources */,
				E7E34B3D1A7E83C5003813EE /* Images.xcassets in Resources */,
			);
			runOnlyForDeploymentPostprocessing = 0;
		};
		E7E34B431A7E83C6003813EE /* Resources */ = {
			isa = PBXResourcesBuildPhase;
			buildActionMask = 2147483647;
			files = (
			);
			runOnlyForDeploymentPostprocessing = 0;
		};
		E7E34B571A7E84D8003813EE /* Resources */ = {
			isa = PBXResourcesBuildPhase;
			buildActionMask = 2147483647;
			files = (
				E7E34B671A7E856E003813EE /* KeyboradView.xib in Resources */,
			);
			runOnlyForDeploymentPostprocessing = 0;
		};
/* End PBXResourcesBuildPhase section */

/* Begin PBXSourcesBuildPhase section */
		E7E34B2C1A7E83C5003813EE /* Sources */ = {
			isa = PBXSourcesBuildPhase;
			buildActionMask = 2147483647;
			files = (
				E7E34B381A7E83C5003813EE /* ViewController.swift in Sources */,
				E7E34B361A7E83C5003813EE /* AppDelegate.swift in Sources */,
			);
			runOnlyForDeploymentPostprocessing = 0;
		};
		E7E34B411A7E83C6003813EE /* Sources */ = {
			isa = PBXSourcesBuildPhase;
			buildActionMask = 2147483647;
			files = (
				E7E34B4C1A7E83C6003813EE /* KeyboradTests.swift in Sources */,
			);
			runOnlyForDeploymentPostprocessing = 0;
		};
		E7E34B551A7E84D8003813EE /* Sources */ = {
			isa = PBXSourcesBuildPhase;
			buildActionMask = 2147483647;
			files = (
				E7E34B5E1A7E84D8003813EE /* KeyboardViewController.swift in Sources */,
			);
			runOnlyForDeploymentPostprocessing = 0;
		};
/* End PBXSourcesBuildPhase section */

/* Begin PBXTargetDependency section */
		E7E34B471A7E83C6003813EE /* PBXTargetDependency */ = {
			isa = PBXTargetDependency;
			target = E7E34B2F1A7E83C5003813EE /* Keyborad */;
			targetProxy = E7E34B461A7E83C6003813EE /* PBXContainerItemProxy */;
		};
		E7E34B601A7E84D8003813EE /* PBXTargetDependency */ = {
			isa = PBXTargetDependency;
			target = E7E34B581A7E84D8003813EE /* Excite */;
			targetProxy = E7E34B5F1A7E84D8003813EE /* PBXContainerItemProxy */;
		};
/* End PBXTargetDependency section */

/* Begin PBXVariantGroup section */
		E7E34B391A7E83C5003813EE /* Main.storyboard */ = {
			isa = PBXVariantGroup;
			children = (
				E7E34B3A1A7E83C5003813EE /* Base */,
			);
			name = Main.storyboard;
			sourceTree = "<group>";
		};
		E7E34B3E1A7E83C5003813EE /* LaunchScreen.xib */ = {
			isa = PBXVariantGroup;
			children = (
				E7E34B3F1A7E83C5003813EE /* Base */,
			);
			name = LaunchScreen.xib;
			sourceTree = "<group>";
		};
/* End PBXVariantGroup section */

/* Begin XCBuildConfiguration section */
		E7E34B4D1A7E83C6003813EE /* Debug */ = {
			isa = XCBuildConfiguration;
			buildSettings = {
				ALWAYS_SEARCH_USER_PATHS = NO;
				CLANG_CXX_LANGUAGE_STANDARD = "gnu++0x";
				CLANG_CXX_LIBRARY = "libc++";
				CLANG_ENABLE_MODULES = YES;
				CLANG_ENABLE_OBJC_ARC = YES;
				CLANG_WARN_BOOL_CONVERSION = YES;
				CLANG_WARN_CONSTANT_CONVERSION = YES;
				CLANG_WARN_DIRECT_OBJC_ISA_USAGE = YES_ERROR;
				CLANG_WARN_EMPTY_BODY = YES;
				CLANG_WARN_ENUM_CONVERSION = YES;
				CLANG_WARN_INT_CONVERSION = YES;
				CLANG_WARN_OBJC_ROOT_CLASS = YES_ERROR;
				CLANG_WARN_UNREACHABLE_CODE = YES;
				CLANG_WARN__DUPLICATE_METHOD_MATCH = YES;
				"CODE_SIGN_IDENTITY[sdk=iphoneos*]" = "iPhone Developer";
				COPY_PHASE_STRIP = NO;
				ENABLE_STRICT_OBJC_MSGSEND = YES;
				GCC_C_LANGUAGE_STANDARD = gnu99;
				GCC_DYNAMIC_NO_PIC = NO;
				GCC_OPTIMIZATION_LEVEL = 0;
				GCC_PREPROCESSOR_DEFINITIONS = (
					"DEBUG=1",
					"$(inherited)",
				);
				GCC_SYMBOLS_PRIVATE_EXTERN = NO;
				GCC_WARN_64_TO_32_BIT_CONVERSION = YES;
				GCC_WARN_ABOUT_RETURN_TYPE = YES_ERROR;
				GCC_WARN_UNDECLARED_SELECTOR = YES;
				GCC_WARN_UNINITIALIZED_AUTOS = YES_AGGRESSIVE;
				GCC_WARN_UNUSED_FUNCTION = YES;
				GCC_WARN_UNUSED_VARIABLE = YES;
				IPHONEOS_DEPLOYMENT_TARGET = 8.1;
				MTL_ENABLE_DEBUG_INFO = YES;
				ONLY_ACTIVE_ARCH = YES;
				SDKROOT = iphoneos;
				SWIFT_OPTIMIZATION_LEVEL = "-Onone";
			};
			name = Debug;
		};
		E7E34B4E1A7E83C6003813EE /* Release */ = {
			isa = XCBuildConfiguration;
			buildSettings = {
				ALWAYS_SEARCH_USER_PATHS = NO;
				CLANG_CXX_LANGUAGE_STANDARD = "gnu++0x";
				CLANG_CXX_LIBRARY = "libc++";
				CLANG_ENABLE_MODULES = YES;
				CLANG_ENABLE_OBJC_ARC = YES;
				CLANG_WARN_BOOL_CONVERSION = YES;
				CLANG_WARN_CONSTANT_CONVERSION = YES;
				CLANG_WARN_DIRECT_OBJC_ISA_USAGE = YES_ERROR;
				CLANG_WARN_EMPTY_BODY = YES;
				CLANG_WARN_ENUM_CONVERSION = YES;
				CLANG_WARN_INT_CONVERSION = YES;
				CLANG_WARN_OBJC_ROOT_CLASS = YES_ERROR;
				CLANG_WARN_UNREACHABLE_CODE = YES;
				CLANG_WARN__DUPLICATE_METHOD_MATCH = YES;
				"CODE_SIGN_IDENTITY[sdk=iphoneos*]" = "iPhone Developer";
				COPY_PHASE_STRIP = YES;
				ENABLE_NS_ASSERTIONS = NO;
				ENABLE_STRICT_OBJC_MSGSEND = YES;
				GCC_C_LANGUAGE_STANDARD = gnu99;
				GCC_WARN_64_TO_32_BIT_CONVERSION = YES;
				GCC_WARN_ABOUT_RETURN_TYPE = YES_ERROR;
				GCC_WARN_UNDECLARED_SELECTOR = YES;
				GCC_WARN_UNINITIALIZED_AUTOS = YES_AGGRESSIVE;
				GCC_WARN_UNUSED_FUNCTION = YES;
				GCC_WARN_UNUSED_VARIABLE = YES;
				IPHONEOS_DEPLOYMENT_TARGET = 8.1;
				MTL_ENABLE_DEBUG_INFO = NO;
				SDKROOT = iphoneos;
				VALIDATE_PRODUCT = YES;
			};
			name = Release;
		};
		E7E34B501A7E83C6003813EE /* Debug */ = {
			isa = XCBuildConfiguration;
			buildSettings = {
				ASSETCATALOG_COMPILER_APPICON_NAME = AppIcon;
				EMBEDDED_CONTENT_CONTAINS_SWIFT = YES;
				INFOPLIST_FILE = Keyborad/Info.plist;
				LD_RUNPATH_SEARCH_PATHS = "$(inherited) @executable_path/Frameworks";
				PRODUCT_NAME = "$(TARGET_NAME)";
			};
			name = Debug;
		};
		E7E34B511A7E83C6003813EE /* Release */ = {
			isa = XCBuildConfiguration;
			buildSettings = {
				ASSETCATALOG_COMPILER_APPICON_NAME = AppIcon;
				EMBEDDED_CONTENT_CONTAINS_SWIFT = YES;
				INFOPLIST_FILE = Keyborad/Info.plist;
				LD_RUNPATH_SEARCH_PATHS = "$(inherited) @executable_path/Frameworks";
				PRODUCT_NAME = "$(TARGET_NAME)";
			};
			name = Release;
		};
		E7E34B531A7E83C6003813EE /* Debug */ = {
			isa = XCBuildConfiguration;
			buildSettings = {
				BUNDLE_LOADER = "$(TEST_HOST)";
				FRAMEWORK_SEARCH_PATHS = (
					"$(SDKROOT)/Developer/Library/Frameworks",
					"$(inherited)",
				);
				GCC_PREPROCESSOR_DEFINITIONS = (
					"DEBUG=1",
					"$(inherited)",
				);
				INFOPLIST_FILE = KeyboradTests/Info.plist;
				LD_RUNPATH_SEARCH_PATHS = "$(inherited) @executable_path/Frameworks @loader_path/Frameworks";
				PRODUCT_NAME = "$(TARGET_NAME)";
				TEST_HOST = "$(BUILT_PRODUCTS_DIR)/Keyborad.app/Keyborad";
			};
			name = Debug;
		};
		E7E34B541A7E83C6003813EE /* Release */ = {
			isa = XCBuildConfiguration;
			buildSettings = {
				BUNDLE_LOADER = "$(TEST_HOST)";
				FRAMEWORK_SEARCH_PATHS = (
					"$(SDKROOT)/Developer/Library/Frameworks",
					"$(inherited)",
				);
				INFOPLIST_FILE = KeyboradTests/Info.plist;
				LD_RUNPATH_SEARCH_PATHS = "$(inherited) @executable_path/Frameworks @loader_path/Frameworks";
				PRODUCT_NAME = "$(TARGET_NAME)";
				TEST_HOST = "$(BUILT_PRODUCTS_DIR)/Keyborad.app/Keyborad";
			};
			name = Release;
		};
		E7E34B631A7E84D8003813EE /* Debug */ = {
			isa = XCBuildConfiguration;
			buildSettings = {
				GCC_PREPROCESSOR_DEFINITIONS = (
					"DEBUG=1",
					"$(inherited)",
				);
				INFOPLIST_FILE = Excite/Info.plist;
				LD_RUNPATH_SEARCH_PATHS = "$(inherited) @executable_path/Frameworks @executable_path/../../Frameworks";
				PRODUCT_NAME = "$(TARGET_NAME)";
				SKIP_INSTALL = YES;
			};
			name = Debug;
		};
		E7E34B641A7E84D8003813EE /* Release */ = {
			isa = XCBuildConfiguration;
			buildSettings = {
				INFOPLIST_FILE = Excite/Info.plist;
				LD_RUNPATH_SEARCH_PATHS = "$(inherited) @executable_path/Frameworks @executable_path/../../Frameworks";
				PRODUCT_NAME = "$(TARGET_NAME)";
				SKIP_INSTALL = YES;
			};
			name = Release;
		};
/* End XCBuildConfiguration section */

/* Begin XCConfigurationList section */
		E7E34B2B1A7E83C5003813EE /* Build configuration list for PBXProject "Keyborad" */ = {
			isa = XCConfigurationList;
			buildConfigurations = (
				E7E34B4D1A7E83C6003813EE /* Debug */,
				E7E34B4E1A7E83C6003813EE /* Release */,
			);
			defaultConfigurationIsVisible = 0;
			defaultConfigurationName = Release;
		};
		E7E34B4F1A7E83C6003813EE /* Build configuration list for PBXNativeTarget "Keyborad" */ = {
			isa = XCConfigurationList;
			buildConfigurations = (
				E7E34B501A7E83C6003813EE /* Debug */,
				E7E34B511A7E83C6003813EE /* Release */,
			);
			defaultConfigurationIsVisible = 0;
		};
		E7E34B521A7E83C6003813EE /* Build configuration list for PBXNativeTarget "KeyboradTests" */ = {
			isa = XCConfigurationList;
			buildConfigurations = (
				E7E34B531A7E83C6003813EE /* Debug */,
				E7E34B541A7E83C6003813EE /* Release */,
			);
			defaultConfigurationIsVisible = 0;
		};
		E7E34B621A7E84D8003813EE /* Build configuration list for PBXNativeTarget "Excite" */ = {
			isa = XCConfigurationList;
			buildConfigurations = (
				E7E34B631A7E84D8003813EE /* Debug */,
				E7E34B641A7E84D8003813EE /* Release */,
			);
			defaultConfigurationIsVisible = 0;
		};
/* End XCConfigurationList section */
	};
	rootObject = E7E34B281A7E83C5003813EE /* Project object */;
}
